
Microsoft Visual Studio Solution File, Format Version 12.00
# Visual Studio Version 16
VisualStudioVersion = 16.0.30011.22
MinimumVisualStudioVersion = 10.0.40219.1
Project("{FAE04EC0-301F-11D3-BF4B-00C04F79EFBC}") = "irf_7_het_JV6INX", "irf_7_het_JV6INX\irf_7_het_JV6INX.csproj", "{AD3C3920-6C03-4E06-A9C3-BCC667FF771E}"
EndProject
Global
	GlobalSection(SolutionConfigurationPlatforms) = preSolution
		Debug|Any CPU = Debug|Any CPU
		Release|Any CPU = Release|Any CPU
	EndGlobalSection
	GlobalSection(ProjectConfigurationPlatforms) = postSolution
		{AD3C3920-6C03-4E06-A9C3-BCC667FF771E}.Debug|Any CPU.ActiveCfg = Debug|Any CPU
		{AD3C3920-6C03-4E06-A9C3-BCC667FF771E}.Debug|Any CPU.Build.0 = Debug|Any CPU
		{AD3C3920-6C03-4E06-A9C3-BCC667FF771E}.Release|Any CPU.ActiveCfg = Release|Any CPU
		{AD3C3920-6C03-4E06-A9C3-BCC667FF771E}.Release|Any CPU.Build.0 = Release|Any CPU
	EndGlobalSection
	GlobalSection(SolutionProperties) = preSolution
		HideSolutionNode = FALSE
	EndGlobalSection
	GlobalSection(ExtensibilityGlobals) = postSolution
		SolutionGuid = {F11C7450-6FB8-4327-9B54-C11774EDC453}
	EndGlobalSection
EndGlobal
