
Microsoft Visual Studio Solution File, Format Version 12.00
# Visual Studio Version 16
VisualStudioVersion = 16.0.30011.22
MinimumVisualStudioVersion = 10.0.40219.1
Project("{FAE04EC0-301F-11D3-BF4B-00C04F79EFBC}") = "irf_10_het_JV6INX", "irf_10_het_JV6INX\irf_10_het_JV6INX.csproj", "{0B27D415-9612-4695-B90F-789030E49D6A}"
EndProject
Global
	GlobalSection(SolutionConfigurationPlatforms) = preSolution
		Debug|Any CPU = Debug|Any CPU
		Release|Any CPU = Release|Any CPU
	EndGlobalSection
	GlobalSection(ProjectConfigurationPlatforms) = postSolution
		{0B27D415-9612-4695-B90F-789030E49D6A}.Debug|Any CPU.ActiveCfg = Debug|Any CPU
		{0B27D415-9612-4695-B90F-789030E49D6A}.Debug|Any CPU.Build.0 = Debug|Any CPU
		{0B27D415-9612-4695-B90F-789030E49D6A}.Release|Any CPU.ActiveCfg = Release|Any CPU
		{0B27D415-9612-4695-B90F-789030E49D6A}.Release|Any CPU.Build.0 = Release|Any CPU
	EndGlobalSection
	GlobalSection(SolutionProperties) = preSolution
		HideSolutionNode = FALSE
	EndGlobalSection
	GlobalSection(ExtensibilityGlobals) = postSolution
		SolutionGuid = {EE451AC2-D3C9-4CBE-99B7-0EE3993EE6D4}
	EndGlobalSection
EndGlobal
